
Microsoft Visual Studio Solution File, Format Version 12.00
# Visual Studio Version 17
VisualStudioVersion = 17.6.33723.286
MinimumVisualStudioVersion = 10.0.40219.1
Project("{FAE04EC0-301F-11D3-BF4B-00C04F79EFBC}") = "Ex36-37-LinkedList", "Ex36-37-LinkedList\Ex36-37-LinkedList.csproj", "{73016DC6-C7DE-4DF7-B2CC-A6065031A1C9}"
EndProject
Global
	GlobalSection(SolutionConfigurationPlatforms) = preSolution
		Debug|Any CPU = Debug|Any CPU
		Release|Any CPU = Release|Any CPU
	EndGlobalSection
	GlobalSection(ProjectConfigurationPlatforms) = postSolution
		{73016DC6-C7DE-4DF7-B2CC-A6065031A1C9}.Debug|Any CPU.ActiveCfg = Debug|Any CPU
		{73016DC6-C7DE-4DF7-B2CC-A6065031A1C9}.Debug|Any CPU.Build.0 = Debug|Any CPU
		{73016DC6-C7DE-4DF7-B2CC-A6065031A1C9}.Release|Any CPU.ActiveCfg = Release|Any CPU
		{73016DC6-C7DE-4DF7-B2CC-A6065031A1C9}.Release|Any CPU.Build.0 = Release|Any CPU
	EndGlobalSection
	GlobalSection(SolutionProperties) = preSolution
		HideSolutionNode = FALSE
	EndGlobalSection
	GlobalSection(ExtensibilityGlobals) = postSolution
		SolutionGuid = {BC760018-AA9D-4B87-84C8-C8C308AB8B6C}
	EndGlobalSection
EndGlobal
